{
  "name": "tape",
  "version": "1.0.0",
  "lockfileVersion": 3,
  "requires": true,
  "packages": {
    "": {
      "name": "tape",
      "version": "1.0.0",
      "license": "ISC",
      "dependencies": {
        "fetchfox-sdk": "^1.0.2"
      }
    },
    "node_modules/fetchfox-sdk": {
      "version": "1.0.2",
      "resolved": "https://registry.npmjs.org/fetchfox-sdk/-/fetchfox-sdk-1.0.2.tgz",
      "integrity": "sha512-kGTZu86qJgCP/RmTQI6VWSjkFBV7t4doRp/xEQ8F6icVd3aSQKw2m+yb1pZQ8LpOvzKf+zkkUziVaQFcM/B4/Q==",
      "license": "ISC"
    }
  }
}
